
Microsoft Visual Studio Solution File, Format Version 12.00
# Visual Studio Version 17
VisualStudioVersion = 17.7.34202.233
MinimumVisualStudioVersion = 10.0.40219.1
Project("{FAE04EC0-301F-11D3-BF4B-00C04F79EFBC}") = "LinkedIn.Essentials2", "LinkedIn.Essentials2.csproj", "{AA95E1F1-C295-41DD-AEDB-C54E820679F2}"
EndProject
Project("{FAE04EC0-301F-11D3-BF4B-00C04F79EFBC}") = "Essentials2.Library", "..\Essentials2.Library\Essentials2.Library.csproj", "{E229AE70-1FEB-41E4-B4CF-562ECBE89BEB}"
EndProject
Global
	GlobalSection(SolutionConfigurationPlatforms) = preSolution
		Debug|Any CPU = Debug|Any CPU
		Release|Any CPU = Release|Any CPU
	EndGlobalSection
	GlobalSection(ProjectConfigurationPlatforms) = postSolution
		{AA95E1F1-C295-41DD-AEDB-C54E820679F2}.Debug|Any CPU.ActiveCfg = Debug|Any CPU
		{AA95E1F1-C295-41DD-AEDB-C54E820679F2}.Debug|Any CPU.Build.0 = Debug|Any CPU
		{AA95E1F1-C295-41DD-AEDB-C54E820679F2}.Release|Any CPU.ActiveCfg = Release|Any CPU
		{AA95E1F1-C295-41DD-AEDB-C54E820679F2}.Release|Any CPU.Build.0 = Release|Any CPU
		{E229AE70-1FEB-41E4-B4CF-562ECBE89BEB}.Debug|Any CPU.ActiveCfg = Debug|Any CPU
		{E229AE70-1FEB-41E4-B4CF-562ECBE89BEB}.Debug|Any CPU.Build.0 = Debug|Any CPU
		{E229AE70-1FEB-41E4-B4CF-562ECBE89BEB}.Release|Any CPU.ActiveCfg = Release|Any CPU
		{E229AE70-1FEB-41E4-B4CF-562ECBE89BEB}.Release|Any CPU.Build.0 = Release|Any CPU
	EndGlobalSection
	GlobalSection(SolutionProperties) = preSolution
		HideSolutionNode = FALSE
	EndGlobalSection
	GlobalSection(ExtensibilityGlobals) = postSolution
		SolutionGuid = {0C0D8429-7EF0-4F0F-BCDF-279BE892F8B6}
	EndGlobalSection
EndGlobal
